
Microsoft Visual Studio Solution File, Format Version 9.00
# Visual Studio 2005
Project("{9344bdbb-3e7f-41fc-a0dd-8665d75ee146}") = "Packages", "Packages.mdproj", "{867018DF-6436-4C1B-A776-1BD1568741CF}"
EndProject
Global
	GlobalSection(SolutionConfigurationPlatforms) = preSolution
	EndGlobalSection
	GlobalSection(ProjectConfigurationPlatforms) = postSolution
	EndGlobalSection
	GlobalSection(MonoDevelopProperties) = preSolution
		StartupItem = Packages.mdproj
	EndGlobalSection
EndGlobal
